// !$*UTF8*$!
{
	archiveVersion = 1;
	classes = {
	};
	objectVersion = 55;
	objects = {

/* Begin PBXBuildFile section */
		2C285E9D281757370042A5A3 /* UsersEntity.swift in Sources */ = {isa = PBXBuildFile; fileRef = 2C285E9C281757370042A5A3 /* UsersEntity.swift */; };
		2C285E9F2817573F0042A5A3 /* PostsEntity.swift in Sources */ = {isa = PBXBuildFile; fileRef = 2C285E9E2817573F0042A5A3 /* PostsEntity.swift */; };
		2C285EA12817722E0042A5A3 /* AddressEntity.swift in Sources */ = {isa = PBXBuildFile; fileRef = 2C285EA02817722E0042A5A3 /* AddressEntity.swift */; };
		2C285EA5281772D90042A5A3 /* GeolocationEntity.swift in Sources */ = {isa = PBXBuildFile; fileRef = 2C285EA4281772D90042A5A3 /* GeolocationEntity.swift */; };
		2CB36AF82817489E00ABF753 /* AppDelegate.swift in Sources */ = {isa = PBXBuildFile; fileRef = 2CB36AF72817489E00ABF753 /* AppDelegate.swift */; };
		2CB36AFA2817489E00ABF753 /* SceneDelegate.swift in Sources */ = {isa = PBXBuildFile; fileRef = 2CB36AF92817489E00ABF753 /* SceneDelegate.swift */; };
		2CB36B01281748A200ABF753 /* Assets.xcassets in Resources */ = {isa = PBXBuildFile; fileRef = 2CB36B00281748A200ABF753 /* Assets.xcassets */; };
		2CB36B04281748A200ABF753 /* LaunchScreen.storyboard in Resources */ = {isa = PBXBuildFile; fileRef = 2CB36B02281748A200ABF753 /* LaunchScreen.storyboard */; };
		2CB36B0F281748A200ABF753 /* AdmissionTestTests.swift in Sources */ = {isa = PBXBuildFile; fileRef = 2CB36B0E281748A200ABF753 /* AdmissionTestTests.swift */; };
		2CB36B19281748A200ABF753 /* AdmissionTestUITests.swift in Sources */ = {isa = PBXBuildFile; fileRef = 2CB36B18281748A200ABF753 /* AdmissionTestUITests.swift */; };
		2CB36B1B281748A200ABF753 /* AdmissionTestUITestsLaunchTests.swift in Sources */ = {isa = PBXBuildFile; fileRef = 2CB36B1A281748A200ABF753 /* AdmissionTestUITestsLaunchTests.swift */; };
		2CB36B322817503F00ABF753 /* Routerable.swift in Sources */ = {isa = PBXBuildFile; fileRef = 2CB36B312817503F00ABF753 /* Routerable.swift */; };
		2CB36B342817505C00ABF753 /* Presenterable.swift in Sources */ = {isa = PBXBuildFile; fileRef = 2CB36B332817505C00ABF753 /* Presenterable.swift */; };
		2CB36B362817506C00ABF753 /* Interactorable.swift in Sources */ = {isa = PBXBuildFile; fileRef = 2CB36B352817506C00ABF753 /* Interactorable.swift */; };
		2CB36B382817509D00ABF753 /* Viewable.swift in Sources */ = {isa = PBXBuildFile; fileRef = 2CB36B372817509D00ABF753 /* Viewable.swift */; };
		2CB36B3C2817548F00ABF753 /* UsersRouter.swift in Sources */ = {isa = PBXBuildFile; fileRef = 2CB36B3B2817548F00ABF753 /* UsersRouter.swift */; };
		2CB36B3E281754B500ABF753 /* PostsRouter.swift in Sources */ = {isa = PBXBuildFile; fileRef = 2CB36B3D281754B500ABF753 /* PostsRouter.swift */; };
		2CB36B40281754EE00ABF753 /* UsersPresenter.swift in Sources */ = {isa = PBXBuildFile; fileRef = 2CB36B3F281754EE00ABF753 /* UsersPresenter.swift */; };
		2CB36B422817550000ABF753 /* PostsPresenter.swift in Sources */ = {isa = PBXBuildFile; fileRef = 2CB36B412817550000ABF753 /* PostsPresenter.swift */; };
		2CB36B442817551B00ABF753 /* UsersInteractor.swift in Sources */ = {isa = PBXBuildFile; fileRef = 2CB36B432817551B00ABF753 /* UsersInteractor.swift */; };
		2CB36B462817552500ABF753 /* PostsInteractor.swift in Sources */ = {isa = PBXBuildFile; fileRef = 2CB36B452817552500ABF753 /* PostsInteractor.swift */; };
		2CB36B4C2817560900ABF753 /* UsersViewController.swift in Sources */ = {isa = PBXBuildFile; fileRef = 2CB36B4B2817560900ABF753 /* UsersViewController.swift */; };
		2CB36B4E2817562200ABF753 /* PostsViewController.swift in Sources */ = {isa = PBXBuildFile; fileRef = 2CB36B4D2817562200ABF753 /* PostsViewController.swift */; };
/* End PBXBuildFile section */

/* Begin PBXContainerItemProxy section */
		2CB36B0B281748A200ABF753 /* PBXContainerItemProxy */ = {
			isa = PBXContainerItemProxy;
			containerPortal = 2CB36AEC2817489E00ABF753 /* Project object */;
			proxyType = 1;
			remoteGlobalIDString = 2CB36AF32817489E00ABF753;
			remoteInfo = AdmissionTest;
		};
		2CB36B15281748A200ABF753 /* PBXContainerItemProxy */ = {
			isa = PBXContainerItemProxy;
			containerPortal = 2CB36AEC2817489E00ABF753 /* Project object */;
			proxyType = 1;
			remoteGlobalIDString = 2CB36AF32817489E00ABF753;
			remoteInfo = AdmissionTest;
		};
/* End PBXContainerItemProxy section */

/* Begin PBXFileReference section */
		2C285E9C281757370042A5A3 /* UsersEntity.swift */ = {isa = PBXFileReference; lastKnownFileType = sourcecode.swift; path = UsersEntity.swift; sourceTree = "<group>"; };
		2C285E9E2817573F0042A5A3 /* PostsEntity.swift */ = {isa = PBXFileReference; lastKnownFileType = sourcecode.swift; path = PostsEntity.swift; sourceTree = "<group>"; };
		2C285EA02817722E0042A5A3 /* AddressEntity.swift */ = {isa = PBXFileReference; lastKnownFileType = sourcecode.swift; path = AddressEntity.swift; sourceTree = "<group>"; };
		2C285EA4281772D90042A5A3 /* GeolocationEntity.swift */ = {isa = PBXFileReference; lastKnownFileType = sourcecode.swift; path = GeolocationEntity.swift; sourceTree = "<group>"; };
		2CB36AF42817489E00ABF753 /* AdmissionTest.app */ = {isa = PBXFileReference; explicitFileType = wrapper.application; includeInIndex = 0; path = AdmissionTest.app; sourceTree = BUILT_PRODUCTS_DIR; };
		2CB36AF72817489E00ABF753 /* AppDelegate.swift */ = {isa = PBXFileReference; lastKnownFileType = sourcecode.swift; path = AppDelegate.swift; sourceTree = "<group>"; };
		2CB36AF92817489E00ABF753 /* SceneDelegate.swift */ = {isa = PBXFileReference; lastKnownFileType = sourcecode.swift; path = SceneDelegate.swift; sourceTree = "<group>"; };
		2CB36B00281748A200ABF753 /* Assets.xcassets */ = {isa = PBXFileReference; lastKnownFileType = folder.assetcatalog; path = Assets.xcassets; sourceTree = "<group>"; };
		2CB36B03281748A200ABF753 /* Base */ = {isa = PBXFileReference; lastKnownFileType = file.storyboard; name = Base; path = Base.lproj/LaunchScreen.storyboard; sourceTree = "<group>"; };
		2CB36B05281748A200ABF753 /* Info.plist */ = {isa = PBXFileReference; lastKnownFileType = text.plist.xml; path = Info.plist; sourceTree = "<group>"; };
		2CB36B0A281748A200ABF753 /* AdmissionTestTests.xctest */ = {isa = PBXFileReference; explicitFileType = wrapper.cfbundle; includeInIndex = 0; path = AdmissionTestTests.xctest; sourceTree = BUILT_PRODUCTS_DIR; };
		2CB36B0E281748A200ABF753 /* AdmissionTestTests.swift */ = {isa = PBXFileReference; lastKnownFileType = sourcecode.swift; path = AdmissionTestTests.swift; sourceTree = "<group>"; };
		2CB36B14281748A200ABF753 /* AdmissionTestUITests.xctest */ = {isa = PBXFileReference; explicitFileType = wrapper.cfbundle; includeInIndex = 0; path = AdmissionTestUITests.xctest; sourceTree = BUILT_PRODUCTS_DIR; };
		2CB36B18281748A200ABF753 /* AdmissionTestUITests.swift */ = {isa = PBXFileReference; lastKnownFileType = sourcecode.swift; path = AdmissionTestUITests.swift; sourceTree = "<group>"; };
		2CB36B1A281748A200ABF753 /* AdmissionTestUITestsLaunchTests.swift */ = {isa = PBXFileReference; lastKnownFileType = sourcecode.swift; path = AdmissionTestUITestsLaunchTests.swift; sourceTree = "<group>"; };
		2CB36B312817503F00ABF753 /* Routerable.swift */ = {isa = PBXFileReference; lastKnownFileType = sourcecode.swift; path = Routerable.swift; sourceTree = "<group>"; };
		2CB36B332817505C00ABF753 /* Presenterable.swift */ = {isa = PBXFileReference; lastKnownFileType = sourcecode.swift; path = Presenterable.swift; sourceTree = "<group>"; };
		2CB36B352817506C00ABF753 /* Interactorable.swift */ = {isa = PBXFileReference; lastKnownFileType = sourcecode.swift; path = Interactorable.swift; sourceTree = "<group>"; };
		2CB36B372817509D00ABF753 /* Viewable.swift */ = {isa = PBXFileReference; lastKnownFileType = sourcecode.swift; path = Viewable.swift; sourceTree = "<group>"; };
		2CB36B3B2817548F00ABF753 /* UsersRouter.swift */ = {isa = PBXFileReference; lastKnownFileType = sourcecode.swift; path = UsersRouter.swift; sourceTree = "<group>"; };
		2CB36B3D281754B500ABF753 /* PostsRouter.swift */ = {isa = PBXFileReference; lastKnownFileType = sourcecode.swift; path = PostsRouter.swift; sourceTree = "<group>"; };
		2CB36B3F281754EE00ABF753 /* UsersPresenter.swift */ = {isa = PBXFileReference; lastKnownFileType = sourcecode.swift; path = UsersPresenter.swift; sourceTree = "<group>"; };
		2CB36B412817550000ABF753 /* PostsPresenter.swift */ = {isa = PBXFileReference; lastKnownFileType = sourcecode.swift; path = PostsPresenter.swift; sourceTree = "<group>"; };
		2CB36B432817551B00ABF753 /* UsersInteractor.swift */ = {isa = PBXFileReference; lastKnownFileType = sourcecode.swift; path = UsersInteractor.swift; sourceTree = "<group>"; };
		2CB36B452817552500ABF753 /* PostsInteractor.swift */ = {isa = PBXFileReference; lastKnownFileType = sourcecode.swift; path = PostsInteractor.swift; sourceTree = "<group>"; };
		2CB36B4B2817560900ABF753 /* UsersViewController.swift */ = {isa = PBXFileReference; lastKnownFileType = sourcecode.swift; path = UsersViewController.swift; sourceTree = "<group>"; };
		2CB36B4D2817562200ABF753 /* PostsViewController.swift */ = {isa = PBXFileReference; lastKnownFileType = sourcecode.swift; path = PostsViewController.swift; sourceTree = "<group>"; };
/* End PBXFileReference section */

/* Begin PBXFrameworksBuildPhase section */
		2CB36AF12817489E00ABF753 /* Frameworks */ = {
			isa = PBXFrameworksBuildPhase;
			buildActionMask = 2147483647;
			files = (
			);
			runOnlyForDeploymentPostprocessing = 0;
		};
		2CB36B07281748A200ABF753 /* Frameworks */ = {
			isa = PBXFrameworksBuildPhase;
			buildActionMask = 2147483647;
			files = (
			);
			runOnlyForDeploymentPostprocessing = 0;
		};
		2CB36B11281748A200ABF753 /* Frameworks */ = {
			isa = PBXFrameworksBuildPhase;
			buildActionMask = 2147483647;
			files = (
			);
			runOnlyForDeploymentPostprocessing = 0;
		};
/* End PBXFrameworksBuildPhase section */

/* Begin PBXGroup section */
		2CB36AEB2817489E00ABF753 = {
			isa = PBXGroup;
			children = (
				2CB36AF62817489E00ABF753 /* AdmissionTest */,
				2CB36B0D281748A200ABF753 /* AdmissionTestTests */,
				2CB36B17281748A200ABF753 /* AdmissionTestUITests */,
				2CB36AF52817489E00ABF753 /* Products */,
			);
			sourceTree = "<group>";
		};
		2CB36AF52817489E00ABF753 /* Products */ = {
			isa = PBXGroup;
			children = (
				2CB36AF42817489E00ABF753 /* AdmissionTest.app */,
				2CB36B0A281748A200ABF753 /* AdmissionTestTests.xctest */,
				2CB36B14281748A200ABF753 /* AdmissionTestUITests.xctest */,
			);
			name = Products;
			sourceTree = "<group>";
		};
		2CB36AF62817489E00ABF753 /* AdmissionTest */ = {
			isa = PBXGroup;
			children = (
				2CB36B3028174EF100ABF753 /* Properties */,
				2CB36B2F28174EEB00ABF753 /* Helpers */,
				2CB36B2E28174EC200ABF753 /* Resources */,
				2CB36B2728174DD700ABF753 /* Protocols */,
				2CB36B2828174E0800ABF753 /* Views */,
				2CB36B2928174E2D00ABF753 /* Interactors */,
				2CB36B2A28174E3D00ABF753 /* Presenters */,
				2CB36B2B28174E6600ABF753 /* Entities */,
				2CB36B2C28174E7000ABF753 /* Routers */,
				2CB36AF72817489E00ABF753 /* AppDelegate.swift */,
				2CB36AF92817489E00ABF753 /* SceneDelegate.swift */,
				2CB36B02281748A200ABF753 /* LaunchScreen.storyboard */,
				2CB36B05281748A200ABF753 /* Info.plist */,
			);
			path = AdmissionTest;
			sourceTree = "<group>";
		};
		2CB36B0D281748A200ABF753 /* AdmissionTestTests */ = {
			isa = PBXGroup;
			children = (
				2CB36B0E281748A200ABF753 /* AdmissionTestTests.swift */,
			);
			path = AdmissionTestTests;
			sourceTree = "<group>";
		};
		2CB36B17281748A200ABF753 /* AdmissionTestUITests */ = {
			isa = PBXGroup;
			children = (
				2CB36B18281748A200ABF753 /* AdmissionTestUITests.swift */,
				2CB36B1A281748A200ABF753 /* AdmissionTestUITestsLaunchTests.swift */,
			);
			path = AdmissionTestUITests;
			sourceTree = "<group>";
		};
		2CB36B2728174DD700ABF753 /* Protocols */ = {
			isa = PBXGroup;
			children = (
				2CB36B372817509D00ABF753 /* Viewable.swift */,
				2CB36B352817506C00ABF753 /* Interactorable.swift */,
				2CB36B332817505C00ABF753 /* Presenterable.swift */,
				2CB36B312817503F00ABF753 /* Routerable.swift */,
			);
			path = Protocols;
			sourceTree = "<group>";
		};
		2CB36B2828174E0800ABF753 /* Views */ = {
			isa = PBXGroup;
			children = (
				2CB36B39281751B000ABF753 /* Users */,
				2CB36B3A281751D200ABF753 /* Posts */,
			);
			path = Views;
			sourceTree = "<group>";
		};
		2CB36B2928174E2D00ABF753 /* Interactors */ = {
			isa = PBXGroup;
			children = (
				2CB36B432817551B00ABF753 /* UsersInteractor.swift */,
				2CB36B452817552500ABF753 /* PostsInteractor.swift */,
			);
			path = Interactors;
			sourceTree = "<group>";
		};
		2CB36B2A28174E3D00ABF753 /* Presenters */ = {
			isa = PBXGroup;
			children = (
				2CB36B3F281754EE00ABF753 /* UsersPresenter.swift */,
				2CB36B412817550000ABF753 /* PostsPresenter.swift */,
			);
			path = Presenters;
			sourceTree = "<group>";
		};
		2CB36B2B28174E6600ABF753 /* Entities */ = {
			isa = PBXGroup;
			children = (
				2C285E9C281757370042A5A3 /* UsersEntity.swift */,
				2C285E9E2817573F0042A5A3 /* PostsEntity.swift */,
				2C285EA02817722E0042A5A3 /* AddressEntity.swift */,
				2C285EA4281772D90042A5A3 /* GeolocationEntity.swift */,
			);
			path = Entities;
			sourceTree = "<group>";
		};
		2CB36B2C28174E7000ABF753 /* Routers */ = {
			isa = PBXGroup;
			children = (
				2CB36B3B2817548F00ABF753 /* UsersRouter.swift */,
				2CB36B3D281754B500ABF753 /* PostsRouter.swift */,
			);
			path = Routers;
			sourceTree = "<group>";
		};
		2CB36B2E28174EC200ABF753 /* Resources */ = {
			isa = PBXGroup;
			children = (
				2CB36B00281748A200ABF753 /* Assets.xcassets */,
			);
			path = Resources;
			sourceTree = "<group>";
		};
		2CB36B2F28174EEB00ABF753 /* Helpers */ = {
			isa = PBXGroup;
			children = (
			);
			path = Helpers;
			sourceTree = "<group>";
		};
		2CB36B3028174EF100ABF753 /* Properties */ = {
			isa = PBXGroup;
			children = (
			);
			path = Properties;
			sourceTree = "<group>";
		};
		2CB36B39281751B000ABF753 /* Users */ = {
			isa = PBXGroup;
			children = (
				2CB36B4B2817560900ABF753 /* UsersViewController.swift */,
			);
			path = Users;
			sourceTree = "<group>";
		};
		2CB36B3A281751D200ABF753 /* Posts */ = {
			isa = PBXGroup;
			children = (
				2CB36B4D2817562200ABF753 /* PostsViewController.swift */,
			);
			path = Posts;
			sourceTree = "<group>";
		};
/* End PBXGroup section */

/* Begin PBXNativeTarget section */
		2CB36AF32817489E00ABF753 /* AdmissionTest */ = {
			isa = PBXNativeTarget;
			buildConfigurationList = 2CB36B1E281748A200ABF753 /* Build configuration list for PBXNativeTarget "AdmissionTest" */;
			buildPhases = (
				2CB36AF02817489E00ABF753 /* Sources */,
				2CB36AF12817489E00ABF753 /* Frameworks */,
				2CB36AF22817489E00ABF753 /* Resources */,
			);
			buildRules = (
			);
			dependencies = (
			);
			name = AdmissionTest;
			productName = AdmissionTest;
			productReference = 2CB36AF42817489E00ABF753 /* AdmissionTest.app */;
			productType = "com.apple.product-type.application";
		};
		2CB36B09281748A200ABF753 /* AdmissionTestTests */ = {
			isa = PBXNativeTarget;
			buildConfigurationList = 2CB36B21281748A200ABF753 /* Build configuration list for PBXNativeTarget "AdmissionTestTests" */;
			buildPhases = (
				2CB36B06281748A200ABF753 /* Sources */,
				2CB36B07281748A200ABF753 /* Frameworks */,
				2CB36B08281748A200ABF753 /* Resources */,
			);
			buildRules = (
			);
			dependencies = (
				2CB36B0C281748A200ABF753 /* PBXTargetDependency */,
			);
			name = AdmissionTestTests;
			productName = AdmissionTestTests;
			productReference = 2CB36B0A281748A200ABF753 /* AdmissionTestTests.xctest */;
			productType = "com.apple.product-type.bundle.unit-test";
		};
		2CB36B13281748A200ABF753 /* AdmissionTestUITests */ = {
			isa = PBXNativeTarget;
			buildConfigurationList = 2CB36B24281748A200ABF753 /* Build configuration list for PBXNativeTarget "AdmissionTestUITests" */;
			buildPhases = (
				2CB36B10281748A200ABF753 /* Sources */,
				2CB36B11281748A200ABF753 /* Frameworks */,
				2CB36B12281748A200ABF753 /* Resources */,
			);
			buildRules = (
			);
			dependencies = (
				2CB36B16281748A200ABF753 /* PBXTargetDependency */,
			);
			name = AdmissionTestUITests;
			productName = AdmissionTestUITests;
			productReference = 2CB36B14281748A200ABF753 /* AdmissionTestUITests.xctest */;
			productType = "com.apple.product-type.bundle.ui-testing";
		};
/* End PBXNativeTarget section */

/* Begin PBXProject section */
		2CB36AEC2817489E00ABF753 /* Project object */ = {
			isa = PBXProject;
			attributes = {
				BuildIndependentTargetsInParallel = 1;
				LastSwiftUpdateCheck = 1330;
				LastUpgradeCheck = 1330;
				TargetAttributes = {
					2CB36AF32817489E00ABF753 = {
						CreatedOnToolsVersion = 13.3.1;
					};
					2CB36B09281748A200ABF753 = {
						CreatedOnToolsVersion = 13.3.1;
						TestTargetID = 2CB36AF32817489E00ABF753;
					};
					2CB36B13281748A200ABF753 = {
						CreatedOnToolsVersion = 13.3.1;
						TestTargetID = 2CB36AF32817489E00ABF753;
					};
				};
			};
			buildConfigurationList = 2CB36AEF2817489E00ABF753 /* Build configuration list for PBXProject "AdmissionTest" */;
			compatibilityVersion = "Xcode 13.0";
			developmentRegion = en;
			hasScannedForEncodings = 0;
			knownRegions = (
				en,
				Base,
			);
			mainGroup = 2CB36AEB2817489E00ABF753;
			productRefGroup = 2CB36AF52817489E00ABF753 /* Products */;
			projectDirPath = "";
			projectRoot = "";
			targets = (
				2CB36AF32817489E00ABF753 /* AdmissionTest */,
				2CB36B09281748A200ABF753 /* AdmissionTestTests */,
				2CB36B13281748A200ABF753 /* AdmissionTestUITests */,
			);
		};
/* End PBXProject section */

/* Begin PBXResourcesBuildPhase section */
		2CB36AF22817489E00ABF753 /* Resources */ = {
			isa = PBXResourcesBuildPhase;
			buildActionMask = 2147483647;
			files = (
				2CB36B04281748A200ABF753 /* LaunchScreen.storyboard in Resources */,
				2CB36B01281748A200ABF753 /* Assets.xcassets in Resources */,
			);
			runOnlyForDeploymentPostprocessing = 0;
		};
		2CB36B08281748A200ABF753 /* Resources */ = {
			isa = PBXResourcesBuildPhase;
			buildActionMask = 2147483647;
			files = (
			);
			runOnlyForDeploymentPostprocessing = 0;
		};
		2CB36B12281748A200ABF753 /* Resources */ = {
			isa = PBXResourcesBuildPhase;
			buildActionMask = 2147483647;
			files = (
			);
			runOnlyForDeploymentPostprocessing = 0;
		};
/* End PBXResourcesBuildPhase section */

/* Begin PBXSourcesBuildPhase section */
		2CB36AF02817489E00ABF753 /* Sources */ = {
			isa = PBXSourcesBuildPhase;
			buildActionMask = 2147483647;
			files = (
				2CB36B462817552500ABF753 /* PostsInteractor.swift in Sources */,
				2CB36AF82817489E00ABF753 /* AppDelegate.swift in Sources */,
				2C285E9F2817573F0042A5A3 /* PostsEntity.swift in Sources */,
				2CB36B322817503F00ABF753 /* Routerable.swift in Sources */,
				2CB36B40281754EE00ABF753 /* UsersPresenter.swift in Sources */,
				2CB36B442817551B00ABF753 /* UsersInteractor.swift in Sources */,
				2CB36B3C2817548F00ABF753 /* UsersRouter.swift in Sources */,
				2C285EA5281772D90042A5A3 /* GeolocationEntity.swift in Sources */,
				2CB36B4C2817560900ABF753 /* UsersViewController.swift in Sources */,
				2CB36B362817506C00ABF753 /* Interactorable.swift in Sources */,
				2CB36B342817505C00ABF753 /* Presenterable.swift in Sources */,
				2CB36B382817509D00ABF753 /* Viewable.swift in Sources */,
				2C285EA12817722E0042A5A3 /* AddressEntity.swift in Sources */,
				2CB36B4E2817562200ABF753 /* PostsViewController.swift in Sources */,
				2C285E9D281757370042A5A3 /* UsersEntity.swift in Sources */,
				2CB36B3E281754B500ABF753 /* PostsRouter.swift in Sources */,
				2CB36B422817550000ABF753 /* PostsPresenter.swift in Sources */,
				2CB36AFA2817489E00ABF753 /* SceneDelegate.swift in Sources */,
			);
			runOnlyForDeploymentPostprocessing = 0;
		};
		2CB36B06281748A200ABF753 /* Sources */ = {
			isa = PBXSourcesBuildPhase;
			buildActionMask = 2147483647;
			files = (
				2CB36B0F281748A200ABF753 /* AdmissionTestTests.swift in Sources */,
			);
			runOnlyForDeploymentPostprocessing = 0;
		};
		2CB36B10281748A200ABF753 /* Sources */ = {
			isa = PBXSourcesBuildPhase;
			buildActionMask = 2147483647;
			files = (
				2CB36B1B281748A200ABF753 /* AdmissionTestUITestsLaunchTests.swift in Sources */,
				2CB36B19281748A200ABF753 /* AdmissionTestUITests.swift in Sources */,
			);
			runOnlyForDeploymentPostprocessing = 0;
		};
/* End PBXSourcesBuildPhase section */

/* Begin PBXTargetDependency section */
		2CB36B0C281748A200ABF753 /* PBXTargetDependency */ = {
			isa = PBXTargetDependency;
			target = 2CB36AF32817489E00ABF753 /* AdmissionTest */;
			targetProxy = 2CB36B0B281748A200ABF753 /* PBXContainerItemProxy */;
		};
		2CB36B16281748A200ABF753 /* PBXTargetDependency */ = {
			isa = PBXTargetDependency;
			target = 2CB36AF32817489E00ABF753 /* AdmissionTest */;
			targetProxy = 2CB36B15281748A200ABF753 /* PBXContainerItemProxy */;
		};
/* End PBXTargetDependency section */

/* Begin PBXVariantGroup section */
		2CB36B02281748A200ABF753 /* LaunchScreen.storyboard */ = {
			isa = PBXVariantGroup;
			children = (
				2CB36B03281748A200ABF753 /* Base */,
			);
			name = LaunchScreen.storyboard;
			sourceTree = "<group>";
		};
/* End PBXVariantGroup section */

/* Begin XCBuildConfiguration section */
		2CB36B1C281748A200ABF753 /* Debug */ = {
			isa = XCBuildConfiguration;
			buildSettings = {
				ALWAYS_SEARCH_USER_PATHS = NO;
				CLANG_ANALYZER_NONNULL = YES;
				CLANG_ANALYZER_NUMBER_OBJECT_CONVERSION = YES_AGGRESSIVE;
				CLANG_CXX_LANGUAGE_STANDARD = "gnu++17";
				CLANG_ENABLE_MODULES = YES;
				CLANG_ENABLE_OBJC_ARC = YES;
				CLANG_ENABLE_OBJC_WEAK = YES;
				CLANG_WARN_BLOCK_CAPTURE_AUTORELEASING = YES;
				CLANG_WARN_BOOL_CONVERSION = YES;
				CLANG_WARN_COMMA = YES;
				CLANG_WARN_CONSTANT_CONVERSION = YES;
				CLANG_WARN_DEPRECATED_OBJC_IMPLEMENTATIONS = YES;
				CLANG_WARN_DIRECT_OBJC_ISA_USAGE = YES_ERROR;
				CLANG_WARN_DOCUMENTATION_COMMENTS = YES;
				CLANG_WARN_EMPTY_BODY = YES;
				CLANG_WARN_ENUM_CONVERSION = YES;
				CLANG_WARN_INFINITE_RECURSION = YES;
				CLANG_WARN_INT_CONVERSION = YES;
				CLANG_WARN_NON_LITERAL_NULL_CONVERSION = YES;
				CLANG_WARN_OBJC_IMPLICIT_RETAIN_SELF = YES;
				CLANG_WARN_OBJC_LITERAL_CONVERSION = YES;
				CLANG_WARN_OBJC_ROOT_CLASS = YES_ERROR;
				CLANG_WARN_QUOTED_INCLUDE_IN_FRAMEWORK_HEADER = YES;
				CLANG_WARN_RANGE_LOOP_ANALYSIS = YES;
				CLANG_WARN_STRICT_PROTOTYPES = YES;
				CLANG_WARN_SUSPICIOUS_MOVE = YES;
				CLANG_WARN_UNGUARDED_AVAILABILITY = YES_AGGRESSIVE;
				CLANG_WARN_UNREACHABLE_CODE = YES;
				CLANG_WARN__DUPLICATE_METHOD_MATCH = YES;
				COPY_PHASE_STRIP = NO;
				DEBUG_INFORMATION_FORMAT = dwarf;
				ENABLE_STRICT_OBJC_MSGSEND = YES;
				ENABLE_TESTABILITY = YES;
				GCC_C_LANGUAGE_STANDARD = gnu11;
				GCC_DYNAMIC_NO_PIC = NO;
				GCC_NO_COMMON_BLOCKS = YES;
				GCC_OPTIMIZATION_LEVEL = 0;
				GCC_PREPROCESSOR_DEFINITIONS = (
					"DEBUG=1",
					"$(inherited)",
				);
				GCC_WARN_64_TO_32_BIT_CONVERSION = YES;
				GCC_WARN_ABOUT_RETURN_TYPE = YES_ERROR;
				GCC_WARN_UNDECLARED_SELECTOR = YES;
				GCC_WARN_UNINITIALIZED_AUTOS = YES_AGGRESSIVE;
				GCC_WARN_UNUSED_FUNCTION = YES;
				GCC_WARN_UNUSED_VARIABLE = YES;
				IPHONEOS_DEPLOYMENT_TARGET = 15.4;
				MTL_ENABLE_DEBUG_INFO = INCLUDE_SOURCE;
				MTL_FAST_MATH = YES;
				ONLY_ACTIVE_ARCH = YES;
				SDKROOT = iphoneos;
				SWIFT_ACTIVE_COMPILATION_CONDITIONS = DEBUG;
				SWIFT_OPTIMIZATION_LEVEL = "-Onone";
			};
			name = Debug;
		};
		2CB36B1D281748A200ABF753 /* Release */ = {
			isa = XCBuildConfiguration;
			buildSettings = {
				ALWAYS_SEARCH_USER_PATHS = NO;
				CLANG_ANALYZER_NONNULL = YES;
				CLANG_ANALYZER_NUMBER_OBJECT_CONVERSION = YES_AGGRESSIVE;
				CLANG_CXX_LANGUAGE_STANDARD = "gnu++17";
				CLANG_ENABLE_MODULES = YES;
				CLANG_ENABLE_OBJC_ARC = YES;
				CLANG_ENABLE_OBJC_WEAK = YES;
				CLANG_WARN_BLOCK_CAPTURE_AUTORELEASING = YES;
				CLANG_WARN_BOOL_CONVERSION = YES;
				CLANG_WARN_COMMA = YES;
				CLANG_WARN_CONSTANT_CONVERSION = YES;
				CLANG_WARN_DEPRECATED_OBJC_IMPLEMENTATIONS = YES;
				CLANG_WARN_DIRECT_OBJC_ISA_USAGE = YES_ERROR;
				CLANG_WARN_DOCUMENTATION_COMMENTS = YES;
				CLANG_WARN_EMPTY_BODY = YES;
				CLANG_WARN_ENUM_CONVERSION = YES;
				CLANG_WARN_INFINITE_RECURSION = YES;
				CLANG_WARN_INT_CONVERSION = YES;
				CLANG_WARN_NON_LITERAL_NULL_CONVERSION = YES;
				CLANG_WARN_OBJC_IMPLICIT_RETAIN_SELF = YES;
				CLANG_WARN_OBJC_LITERAL_CONVERSION = YES;
				CLANG_WARN_OBJC_ROOT_CLASS = YES_ERROR;
				CLANG_WARN_QUOTED_INCLUDE_IN_FRAMEWORK_HEADER = YES;
				CLANG_WARN_RANGE_LOOP_ANALYSIS = YES;
				CLANG_WARN_STRICT_PROTOTYPES = YES;
				CLANG_WARN_SUSPICIOUS_MOVE = YES;
				CLANG_WARN_UNGUARDED_AVAILABILITY = YES_AGGRESSIVE;
				CLANG_WARN_UNREACHABLE_CODE = YES;
				CLANG_WARN__DUPLICATE_METHOD_MATCH = YES;
				COPY_PHASE_STRIP = NO;
				DEBUG_INFORMATION_FORMAT = "dwarf-with-dsym";
				ENABLE_NS_ASSERTIONS = NO;
				ENABLE_STRICT_OBJC_MSGSEND = YES;
				GCC_C_LANGUAGE_STANDARD = gnu11;
				GCC_NO_COMMON_BLOCKS = YES;
				GCC_WARN_64_TO_32_BIT_CONVERSION = YES;
				GCC_WARN_ABOUT_RETURN_TYPE = YES_ERROR;
				GCC_WARN_UNDECLARED_SELECTOR = YES;
				GCC_WARN_UNINITIALIZED_AUTOS = YES_AGGRESSIVE;
				GCC_WARN_UNUSED_FUNCTION = YES;
				GCC_WARN_UNUSED_VARIABLE = YES;
				IPHONEOS_DEPLOYMENT_TARGET = 15.4;
				MTL_ENABLE_DEBUG_INFO = NO;
				MTL_FAST_MATH = YES;
				SDKROOT = iphoneos;
				SWIFT_COMPILATION_MODE = wholemodule;
				SWIFT_OPTIMIZATION_LEVEL = "-O";
				VALIDATE_PRODUCT = YES;
			};
			name = Release;
		};
		2CB36B1F281748A200ABF753 /* Debug */ = {
			isa = XCBuildConfiguration;
			buildSettings = {
				ASSETCATALOG_COMPILER_APPICON_NAME = AppIcon;
				ASSETCATALOG_COMPILER_GLOBAL_ACCENT_COLOR_NAME = AccentColor;
				CODE_SIGN_STYLE = Automatic;
				CURRENT_PROJECT_VERSION = 1;
				GENERATE_INFOPLIST_FILE = YES;
				INFOPLIST_FILE = AdmissionTest/Info.plist;
				INFOPLIST_KEY_CFBundleDisplayName = "Admission Test";
				INFOPLIST_KEY_UIApplicationSupportsIndirectInputEvents = YES;
				INFOPLIST_KEY_UILaunchStoryboardName = LaunchScreen;
				INFOPLIST_KEY_UISupportedInterfaceOrientations_iPad = "UIInterfaceOrientationPortrait UIInterfaceOrientationPortraitUpsideDown UIInterfaceOrientationLandscapeLeft UIInterfaceOrientationLandscapeRight";
				INFOPLIST_KEY_UISupportedInterfaceOrientations_iPhone = "UIInterfaceOrientationPortrait UIInterfaceOrientationLandscapeLeft UIInterfaceOrientationLandscapeRight";
				LD_RUNPATH_SEARCH_PATHS = (
					"$(inherited)",
					"@executable_path/Frameworks",
				);
				MARKETING_VERSION = 1.0;
				PRODUCT_BUNDLE_IDENTIFIER = co.com.ceiba.AdmissionTest;
				PRODUCT_NAME = "$(TARGET_NAME)";
				SWIFT_EMIT_LOC_STRINGS = YES;
				SWIFT_VERSION = 5.0;
				TARGETED_DEVICE_FAMILY = "1,2";
			};
			name = Debug;
		};
		2CB36B20281748A200ABF753 /* Release */ = {
			isa = XCBuildConfiguration;
			buildSettings = {
				ASSETCATALOG_COMPILER_APPICON_NAME = AppIcon;
				ASSETCATALOG_COMPILER_GLOBAL_ACCENT_COLOR_NAME = AccentColor;
				CODE_SIGN_STYLE = Automatic;
				CURRENT_PROJECT_VERSION = 1;
				GENERATE_INFOPLIST_FILE = YES;
				INFOPLIST_FILE = AdmissionTest/Info.plist;
				INFOPLIST_KEY_CFBundleDisplayName = "Admission Test";
				INFOPLIST_KEY_UIApplicationSupportsIndirectInputEvents = YES;
				INFOPLIST_KEY_UILaunchStoryboardName = LaunchScreen;
				INFOPLIST_KEY_UISupportedInterfaceOrientations_iPad = "UIInterfaceOrientationPortrait UIInterfaceOrientationPortraitUpsideDown UIInterfaceOrientationLandscapeLeft UIInterfaceOrientationLandscapeRight";
				INFOPLIST_KEY_UISupportedInterfaceOrientations_iPhone = "UIInterfaceOrientationPortrait UIInterfaceOrientationLandscapeLeft UIInterfaceOrientationLandscapeRight";
				LD_RUNPATH_SEARCH_PATHS = (
					"$(inherited)",
					"@executable_path/Frameworks",
				);
				MARKETING_VERSION = 1.0;
				PRODUCT_BUNDLE_IDENTIFIER = co.com.ceiba.AdmissionTest;
				PRODUCT_NAME = "$(TARGET_NAME)";
				SWIFT_EMIT_LOC_STRINGS = YES;
				SWIFT_VERSION = 5.0;
				TARGETED_DEVICE_FAMILY = "1,2";
			};
			name = Release;
		};
		2CB36B22281748A200ABF753 /* Debug */ = {
			isa = XCBuildConfiguration;
			buildSettings = {
				ALWAYS_EMBED_SWIFT_STANDARD_LIBRARIES = YES;
				BUNDLE_LOADER = "$(TEST_HOST)";
				CODE_SIGN_STYLE = Automatic;
				CURRENT_PROJECT_VERSION = 1;
				GENERATE_INFOPLIST_FILE = YES;
				IPHONEOS_DEPLOYMENT_TARGET = 15.4;
				MARKETING_VERSION = 1.0;
				PRODUCT_BUNDLE_IDENTIFIER = co.com.ceiba.AdmissionTestTests;
				PRODUCT_NAME = "$(TARGET_NAME)";
				SWIFT_EMIT_LOC_STRINGS = NO;
				SWIFT_VERSION = 5.0;
				TARGETED_DEVICE_FAMILY = "1,2";
				TEST_HOST = "$(BUILT_PRODUCTS_DIR)/AdmissionTest.app/AdmissionTest";
			};
			name = Debug;
		};
		2CB36B23281748A200ABF753 /* Release */ = {
			isa = XCBuildConfiguration;
			buildSettings = {
				ALWAYS_EMBED_SWIFT_STANDARD_LIBRARIES = YES;
				BUNDLE_LOADER = "$(TEST_HOST)";
				CODE_SIGN_STYLE = Automatic;
				CURRENT_PROJECT_VERSION = 1;
				GENERATE_INFOPLIST_FILE = YES;
				IPHONEOS_DEPLOYMENT_TARGET = 15.4;
				MARKETING_VERSION = 1.0;
				PRODUCT_BUNDLE_IDENTIFIER = co.com.ceiba.AdmissionTestTests;
				PRODUCT_NAME = "$(TARGET_NAME)";
				SWIFT_EMIT_LOC_STRINGS = NO;
				SWIFT_VERSION = 5.0;
				TARGETED_DEVICE_FAMILY = "1,2";
				TEST_HOST = "$(BUILT_PRODUCTS_DIR)/AdmissionTest.app/AdmissionTest";
			};
			name = Release;
		};
		2CB36B25281748A200ABF753 /* Debug */ = {
			isa = XCBuildConfiguration;
			buildSettings = {
				ALWAYS_EMBED_SWIFT_STANDARD_LIBRARIES = YES;
				CODE_SIGN_STYLE = Automatic;
				CURRENT_PROJECT_VERSION = 1;
				GENERATE_INFOPLIST_FILE = YES;
				MARKETING_VERSION = 1.0;
				PRODUCT_BUNDLE_IDENTIFIER = co.com.ceiba.AdmissionTestUITests;
				PRODUCT_NAME = "$(TARGET_NAME)";
				SWIFT_EMIT_LOC_STRINGS = NO;
				SWIFT_VERSION = 5.0;
				TARGETED_DEVICE_FAMILY = "1,2";
				TEST_TARGET_NAME = AdmissionTest;
			};
			name = Debug;
		};
		2CB36B26281748A200ABF753 /* Release */ = {
			isa = XCBuildConfiguration;
			buildSettings = {
				ALWAYS_EMBED_SWIFT_STANDARD_LIBRARIES = YES;
				CODE_SIGN_STYLE = Automatic;
				CURRENT_PROJECT_VERSION = 1;
				GENERATE_INFOPLIST_FILE = YES;
				MARKETING_VERSION = 1.0;
				PRODUCT_BUNDLE_IDENTIFIER = co.com.ceiba.AdmissionTestUITests;
				PRODUCT_NAME = "$(TARGET_NAME)";
				SWIFT_EMIT_LOC_STRINGS = NO;
				SWIFT_VERSION = 5.0;
				TARGETED_DEVICE_FAMILY = "1,2";
				TEST_TARGET_NAME = AdmissionTest;
			};
			name = Release;
		};
/* End XCBuildConfiguration section */

/* Begin XCConfigurationList section */
		2CB36AEF2817489E00ABF753 /* Build configuration list for PBXProject "AdmissionTest" */ = {
			isa = XCConfigurationList;
			buildConfigurations = (
				2CB36B1C281748A200ABF753 /* Debug */,
				2CB36B1D281748A200ABF753 /* Release */,
			);
			defaultConfigurationIsVisible = 0;
			defaultConfigurationName = Release;
		};
		2CB36B1E281748A200ABF753 /* Build configuration list for PBXNativeTarget "AdmissionTest" */ = {
			isa = XCConfigurationList;
			buildConfigurations = (
				2CB36B1F281748A200ABF753 /* Debug */,
				2CB36B20281748A200ABF753 /* Release */,
			);
			defaultConfigurationIsVisible = 0;
			defaultConfigurationName = Release;
		};
		2CB36B21281748A200ABF753 /* Build configuration list for PBXNativeTarget "AdmissionTestTests" */ = {
			isa = XCConfigurationList;
			buildConfigurations = (
				2CB36B22281748A200ABF753 /* Debug */,
				2CB36B23281748A200ABF753 /* Release */,
			);
			defaultConfigurationIsVisible = 0;
			defaultConfigurationName = Release;
		};
		2CB36B24281748A200ABF753 /* Build configuration list for PBXNativeTarget "AdmissionTestUITests" */ = {
			isa = XCConfigurationList;
			buildConfigurations = (
				2CB36B25281748A200ABF753 /* Debug */,
				2CB36B26281748A200ABF753 /* Release */,
			);
			defaultConfigurationIsVisible = 0;
			defaultConfigurationName = Release;
		};
/* End XCConfigurationList section */
	};
	rootObject = 2CB36AEC2817489E00ABF753 /* Project object */;
}
